
Microsoft Visual Studio Solution File, Format Version 12.00
# Visual Studio 14
VisualStudioVersion = 14.0.25123.0
MinimumVisualStudioVersion = 10.0.40219.1
Project("{8BC9CEB8-8B4A-11D0-8D11-00A0C91BC942}") = "Lab_01", "Lab_01\Lab_01.vcxproj", "{31D3CD48-3191-4DE8-9758-70AE9B6FFB22}"
EndProject
Project("{8BC9CEB8-8B4A-11D0-8D11-00A0C91BC942}") = "Lab_02", "Lab_02\Lab_02.vcxproj", "{7B94CABC-7DBE-4EBD-8AF1-F9512B5A7EC3}"
EndProject
Project("{8BC9CEB8-8B4A-11D0-8D11-00A0C91BC942}") = "Lab_03", "Lab_03\Lab_03.vcxproj", "{C6FFDA84-1A3A-4C4C-A25B-07347A5DDCF2}"
EndProject
Project("{8BC9CEB8-8B4A-11D0-8D11-00A0C91BC942}") = "Lab_04", "Lab_04\Lab_04.vcxproj", "{94028200-DED4-409A-935B-6B8838991B36}"
EndProject
Project("{8BC9CEB8-8B4A-11D0-8D11-00A0C91BC942}") = "Lab_05", "Lab_05\Lab_05.vcxproj", "{2F00FD71-57A3-49D2-88DC-0288E86FC01B}"
EndProject
Project("{8BC9CEB8-8B4A-11D0-8D11-00A0C91BC942}") = "Lab_06", "Lab_06\Lab_06.vcxproj", "{A52C8107-2DFF-4BA4-9253-765CC75FD76D}"
EndProject
Project("{8BC9CEB8-8B4A-11D0-8D11-00A0C91BC942}") = "Lab_07", "Lab_07\Lab_07.vcxproj", "{197C800B-7ADE-41AF-9998-6019FC31323E}"
EndProject
Project("{8BC9CEB8-8B4A-11D0-8D11-00A0C91BC942}") = "Lab_08_example", "LAB_08\LAB_08.vcxproj", "{DCD492F6-4C86-4B91-845D-BFB9A3855941}"
EndProject
Global
	GlobalSection(SolutionConfigurationPlatforms) = preSolution
		Debug|x64 = Debug|x64
		Debug|x86 = Debug|x86
		Release|x64 = Release|x64
		Release|x86 = Release|x86
	EndGlobalSection
	GlobalSection(ProjectConfigurationPlatforms) = postSolution
		{31D3CD48-3191-4DE8-9758-70AE9B6FFB22}.Debug|x64.ActiveCfg = Debug|x64
		{31D3CD48-3191-4DE8-9758-70AE9B6FFB22}.Debug|x64.Build.0 = Debug|x64
		{31D3CD48-3191-4DE8-9758-70AE9B6FFB22}.Debug|x86.ActiveCfg = Debug|Win32
		{31D3CD48-3191-4DE8-9758-70AE9B6FFB22}.Debug|x86.Build.0 = Debug|Win32
		{31D3CD48-3191-4DE8-9758-70AE9B6FFB22}.Release|x64.ActiveCfg = Release|x64
		{31D3CD48-3191-4DE8-9758-70AE9B6FFB22}.Release|x64.Build.0 = Release|x64
		{31D3CD48-3191-4DE8-9758-70AE9B6FFB22}.Release|x86.ActiveCfg = Release|Win32
		{31D3CD48-3191-4DE8-9758-70AE9B6FFB22}.Release|x86.Build.0 = Release|Win32
		{7B94CABC-7DBE-4EBD-8AF1-F9512B5A7EC3}.Debug|x64.ActiveCfg = Debug|x64
		{7B94CABC-7DBE-4EBD-8AF1-F9512B5A7EC3}.Debug|x64.Build.0 = Debug|x64
		{7B94CABC-7DBE-4EBD-8AF1-F9512B5A7EC3}.Debug|x86.ActiveCfg = Debug|Win32
		{7B94CABC-7DBE-4EBD-8AF1-F9512B5A7EC3}.Debug|x86.Build.0 = Debug|Win32
		{7B94CABC-7DBE-4EBD-8AF1-F9512B5A7EC3}.Release|x64.ActiveCfg = Release|x64
		{7B94CABC-7DBE-4EBD-8AF1-F9512B5A7EC3}.Release|x64.Build.0 = Release|x64
		{7B94CABC-7DBE-4EBD-8AF1-F9512B5A7EC3}.Release|x86.ActiveCfg = Release|Win32
		{7B94CABC-7DBE-4EBD-8AF1-F9512B5A7EC3}.Release|x86.Build.0 = Release|Win32
		{C6FFDA84-1A3A-4C4C-A25B-07347A5DDCF2}.Debug|x64.ActiveCfg = Debug|x64
		{C6FFDA84-1A3A-4C4C-A25B-07347A5DDCF2}.Debug|x64.Build.0 = Debug|x64
		{C6FFDA84-1A3A-4C4C-A25B-07347A5DDCF2}.Debug|x86.ActiveCfg = Debug|Win32
		{C6FFDA84-1A3A-4C4C-A25B-07347A5DDCF2}.Debug|x86.Build.0 = Debug|Win32
		{C6FFDA84-1A3A-4C4C-A25B-07347A5DDCF2}.Release|x64.ActiveCfg = Release|x64
		{C6FFDA84-1A3A-4C4C-A25B-07347A5DDCF2}.Release|x64.Build.0 = Release|x64
		{C6FFDA84-1A3A-4C4C-A25B-07347A5DDCF2}.Release|x86.ActiveCfg = Release|Win32
		{C6FFDA84-1A3A-4C4C-A25B-07347A5DDCF2}.Release|x86.Build.0 = Release|Win32
		{94028200-DED4-409A-935B-6B8838991B36}.Debug|x64.ActiveCfg = Debug|x64
		{94028200-DED4-409A-935B-6B8838991B36}.Debug|x64.Build.0 = Debug|x64
		{94028200-DED4-409A-935B-6B8838991B36}.Debug|x86.ActiveCfg = Debug|Win32
		{94028200-DED4-409A-935B-6B8838991B36}.Debug|x86.Build.0 = Debug|Win32
		{94028200-DED4-409A-935B-6B8838991B36}.Release|x64.ActiveCfg = Release|x64
		{94028200-DED4-409A-935B-6B8838991B36}.Release|x64.Build.0 = Release|x64
		{94028200-DED4-409A-935B-6B8838991B36}.Release|x86.ActiveCfg = Release|Win32
		{94028200-DED4-409A-935B-6B8838991B36}.Release|x86.Build.0 = Release|Win32
		{2F00FD71-57A3-49D2-88DC-0288E86FC01B}.Debug|x64.ActiveCfg = Debug|x64
		{2F00FD71-57A3-49D2-88DC-0288E86FC01B}.Debug|x64.Build.0 = Debug|x64
		{2F00FD71-57A3-49D2-88DC-0288E86FC01B}.Debug|x86.ActiveCfg = Debug|Win32
		{2F00FD71-57A3-49D2-88DC-0288E86FC01B}.Debug|x86.Build.0 = Debug|Win32
		{2F00FD71-57A3-49D2-88DC-0288E86FC01B}.Release|x64.ActiveCfg = Release|x64
		{2F00FD71-57A3-49D2-88DC-0288E86FC01B}.Release|x64.Build.0 = Release|x64
		{2F00FD71-57A3-49D2-88DC-0288E86FC01B}.Release|x86.ActiveCfg = Release|Win32
		{2F00FD71-57A3-49D2-88DC-0288E86FC01B}.Release|x86.Build.0 = Release|Win32
		{A52C8107-2DFF-4BA4-9253-765CC75FD76D}.Debug|x64.ActiveCfg = Debug|x64
		{A52C8107-2DFF-4BA4-9253-765CC75FD76D}.Debug|x64.Build.0 = Debug|x64
		{A52C8107-2DFF-4BA4-9253-765CC75FD76D}.Debug|x86.ActiveCfg = Debug|Win32
		{A52C8107-2DFF-4BA4-9253-765CC75FD76D}.Debug|x86.Build.0 = Debug|Win32
		{A52C8107-2DFF-4BA4-9253-765CC75FD76D}.Release|x64.ActiveCfg = Release|x64
		{A52C8107-2DFF-4BA4-9253-765CC75FD76D}.Release|x64.Build.0 = Release|x64
		{A52C8107-2DFF-4BA4-9253-765CC75FD76D}.Release|x86.ActiveCfg = Release|Win32
		{A52C8107-2DFF-4BA4-9253-765CC75FD76D}.Release|x86.Build.0 = Release|Win32
		{197C800B-7ADE-41AF-9998-6019FC31323E}.Debug|x64.ActiveCfg = Debug|x64
		{197C800B-7ADE-41AF-9998-6019FC31323E}.Debug|x64.Build.0 = Debug|x64
		{197C800B-7ADE-41AF-9998-6019FC31323E}.Debug|x86.ActiveCfg = Debug|Win32
		{197C800B-7ADE-41AF-9998-6019FC31323E}.Debug|x86.Build.0 = Debug|Win32
		{197C800B-7ADE-41AF-9998-6019FC31323E}.Release|x64.ActiveCfg = Release|x64
		{197C800B-7ADE-41AF-9998-6019FC31323E}.Release|x64.Build.0 = Release|x64
		{197C800B-7ADE-41AF-9998-6019FC31323E}.Release|x86.ActiveCfg = Release|Win32
		{197C800B-7ADE-41AF-9998-6019FC31323E}.Release|x86.Build.0 = Release|Win32
		{DCD492F6-4C86-4B91-845D-BFB9A3855941}.Debug|x64.ActiveCfg = Debug|x64
		{DCD492F6-4C86-4B91-845D-BFB9A3855941}.Debug|x64.Build.0 = Debug|x64
		{DCD492F6-4C86-4B91-845D-BFB9A3855941}.Debug|x86.ActiveCfg = Debug|Win32
		{DCD492F6-4C86-4B91-845D-BFB9A3855941}.Debug|x86.Build.0 = Debug|Win32
		{DCD492F6-4C86-4B91-845D-BFB9A3855941}.Release|x64.ActiveCfg = Release|x64
		{DCD492F6-4C86-4B91-845D-BFB9A3855941}.Release|x64.Build.0 = Release|x64
		{DCD492F6-4C86-4B91-845D-BFB9A3855941}.Release|x86.ActiveCfg = Release|Win32
		{DCD492F6-4C86-4B91-845D-BFB9A3855941}.Release|x86.Build.0 = Release|Win32
	EndGlobalSection
	GlobalSection(SolutionProperties) = preSolution
		HideSolutionNode = FALSE
	EndGlobalSection
EndGlobal
